<Solution>
  <Folder Name="/Src/" />
  <Folder Name="/Src/BuildingBlocks/">
    <Project Path="SharedApplication/SharedApplication.csproj" Id="d15d89ae-fe10-4693-bc06-bc79ccccc3ae" />
    <Project Path="SharedContracts/SharedContracts.csproj" Id="5225c974-5e9a-49cc-937d-7b674b9fd6f0" />
    <Project Path="SharedInfrastructure/SharedInfrastructure.csproj" Id="5914667c-a76a-4e69-ae1a-81dcafdd1029" />
    <Project Path="SharedKernel/SharedKernel.csproj" Id="f8bb226e-396e-4f90-b614-181e2447f5d3" />
    <Project Path="SharedPresentation/SharedPresentation.csproj" Id="8b95cb90-f528-4dd0-95e8-2f668b645ac5" />
  </Folder>
  <Folder Name="/Src/Modules/" />
  <Folder Name="/Src/Modules/Host/">
    <Project Path="MarketApi/MarketApi.csproj" Id="87d1079c-927e-4c35-b2a7-4474735f8908" />
  </Folder>
  <Folder Name="/Src/Modules/Identity/">
    <File Path="MarketApi/Program.cs" />
  </Folder>
  <Folder Name="/Src/Modules/Inventory/">
    <Project Path="Inventory.Application/Inventory.Application.csproj" Id="eae47b72-1628-4e67-a2c6-55be8c6aabae" />
    <Project Path="Inventory.Domain/Inventory.Domain.csproj" Id="e336d6fd-7755-4d6e-9c7a-bba3fe5c330f" />
    <Project Path="Inventory.Infrastructure/Inventory.Infrastructure.csproj" Id="cbab3090-147c-4a3b-8999-f36f89065f45" />
    <Project Path="Inventory.Presentation/Inventory.Presentation.csproj" Id="c63b6777-5c0a-4c1d-87ad-2eeb7405eaa5" />
  </Folder>
  <Folder Name="/Src/Modules/OfferModule/">
    <Project Path="Offer.Application/Offers.Application.csproj" Id="6ca51d96-9b0a-4cbe-b8a3-da47f7352708" />
    <Project Path="Offer.Domain/Offers.Domain.csproj" Id="c0a90861-d67c-4f85-bb4c-c767b3c2f723" />
    <Project Path="Offer.Infrastructure/Offers.Infrastructure.csproj" Id="21829cfc-0794-40b1-96e5-5531955f8ad5" />
    <Project Path="Offer.Presentation/Offers.Presentation.csproj" Id="57079b47-5aff-43c0-b4b3-dfa31830bbac" />
  </Folder>
  <Folder Name="/Src/Modules/SalesModule/">
    <Project Path="Sales.Application/Sales.Application.csproj" Id="25f3faba-0551-4ae1-b119-7ac344f7f6ff" />
    <Project Path="Sales.Domain/Sales.Domain.csproj" Id="a81c9c4b-16dd-427c-8beb-c3f5303d8887" />
    <Project Path="Sales.Infrastructure/Sales.Infrastructure.csproj" Id="b78cc90d-2bd2-48e1-ba63-e74bc65417be" />
    <Project Path="Sales.Presentation/Sales.Presentation.csproj" Id="037acb7f-6be7-4470-96b5-51b0005a5de1" />
  </Folder>
  <Folder Name="/Src/Modules/CustomersModule/">
    <Project Path="Customers.Application/Customers.Application.csproj" />
    <Project Path="Customers.Domain/Customers.Domain.csproj" />
    <Project Path="Customers.Infrastructure/Customers.Infrastructure.csproj" />
    <Project Path="Customers.Presentation/Customers.Presentation.csproj" />
  </Folder>
  <Folder Name="/Src/tests/" />
</Solution>
